speakeasyVersion: 1.796.4
sources:
    Discord HTTP API (Preview):
        sourceNamespace: discord-sdk
        sourceRevisionDigest: sha256:11136d94df099b52557bbb0a754c655b3f9f1905b53e1492e55cb45a571033d8
        sourceBlobDigest: sha256:e9a14094bd88587894fa6b041fed60dc82a0757d4ac1ce13dc2254ef51993d50
        tags:
            - latest
            - "10"
targets:
    discord:
        source: Discord HTTP API (Preview)
        sourceNamespace: discord-sdk
        sourceRevisionDigest: sha256:11136d94df099b52557bbb0a754c655b3f9f1905b53e1492e55cb45a571033d8
        sourceBlobDigest: sha256:e9a14094bd88587894fa6b041fed60dc82a0757d4ac1ce13dc2254ef51993d50
        codeSamplesNamespace: discord-sdk-typescript-code-samples
        codeSamplesRevisionDigest: sha256:f7bc224470d24439a2abe755da5d2d5d0e7fff97e830d865568ed796d79c1da3
workflow:
    workflowVersion: 1.0.0
    speakeasyVersion: latest
    sources:
        Discord HTTP API (Preview):
            inputs:
                - location: https://raw.githubusercontent.com/discord/discord-api-spec/refs/heads/main/specs/openapi.json
            overlays:
                - location: .speakeasy//overlays/openapi-fixes-overlay.yaml
                - location: .speakeasy/overlays/application-overlay.yaml
                - location: .speakeasy/overlays/application-role-connection-metadata-overlay.yaml
                - location: .speakeasy/overlays/channels-overlay.yaml
                - location: .speakeasy/overlays/emoji-overlay.yaml
                - location: .speakeasy/overlays/entitlements-overlay.yaml
                - location: .speakeasy/overlays/guild-scheduled-event-overlay.yaml
                - location: .speakeasy/overlays/guild-template-overlay.yaml
                - location: .speakeasy/overlays/guild-overlay.yaml
                - location: .speakeasy/overlays/invite-overlay.yaml
                - location: .speakeasy/overlays/lobby-overlay.yaml
                - location: .speakeasy/overlays/messages-overlay.yaml
                - location: .speakeasy/overlays/poll-overlay.yaml
                - location: .speakeasy/overlays/soundboard-overlay.yaml
                - location: .speakeasy/overlays/stage-instance-overlay.yaml
                - location: .speakeasy/overlays/sticker-overlay.yaml
                - location: .speakeasy/overlays/users-overlay.yaml
                - location: .speakeasy/overlays/audit-logs-overlay.yaml
                - location: .speakeasy/overlays/auto-moderation-overlay.yaml
                - location: .speakeasy/overlays/voice-overlay.yaml
                - location: .speakeasy/overlays/webhook-overlay.yaml
            output: .speakeasy/openapi-output.yaml
            registry:
                location: registry.speakeasyapi.dev/ryan-blunden-l5y/ryanblunden/discord-sdk
    targets:
        discord:
            target: typescript
            source: Discord HTTP API (Preview)
            publish:
                npm:
                    token: $npm_token
            codeSamples:
                registry:
                    location: registry.speakeasyapi.dev/ryan-blunden-l5y/ryanblunden/discord-sdk-typescript-code-samples
                labelOverride:
                    fixedValue: Typescript (SDK)
                blocking: false
