speakeasyVersion: 1.484.1
sources:
    Discord HTTP API (Preview):
        sourceNamespace: discord-sdk
        sourceRevisionDigest: sha256:bfd09912f7492b52b7def1cf32857b714dcc23e73d6acbdfb65c0c63289071aa
        sourceBlobDigest: sha256:b7e3ad115fbe1adc1c3b74196d6d23b32d52b802b2dee0e2d458b6227093f7a2
        tags:
            - latest
            - speakeasy-sdk-regen-1738641142
            - "10"
targets:
    discord:
        source: Discord HTTP API (Preview)
        sourceNamespace: discord-sdk
        sourceRevisionDigest: sha256:bfd09912f7492b52b7def1cf32857b714dcc23e73d6acbdfb65c0c63289071aa
        sourceBlobDigest: sha256:b7e3ad115fbe1adc1c3b74196d6d23b32d52b802b2dee0e2d458b6227093f7a2
        codeSamplesNamespace: discord-sdk-typescript-code-samples
        codeSamplesRevisionDigest: sha256:98fc0bae4407e62d66a9c9eec6e6bbc1a30e1cc8524d6dbabb3eaf94ae54c00f
workflow:
    workflowVersion: 1.0.0
    speakeasyVersion: latest
    sources:
        Discord HTTP API (Preview):
            inputs:
                - location: https://raw.githubusercontent.com/discord/discord-api-spec/refs/heads/main/specs/openapi.json
            overlays:
                - location: .speakeasy/openapi-fixes-overlay.yaml
                - location: .speakeasy/speakeasy-modifications-overlay.yaml
            output: .speakeasy/openapi-output.yaml
            registry:
                location: registry.speakeasyapi.dev/ryan-blunden-l5y/ryanblunden/discord-sdk
    targets:
        discord:
            target: typescript
            source: Discord HTTP API (Preview)
            publish:
                npm:
                    token: $npm_token
            codeSamples:
                registry:
                    location: registry.speakeasyapi.dev/ryan-blunden-l5y/ryanblunden/discord-sdk-typescript-code-samples
                labelOverride:
                    fixedValue: Typescript (SDK)
                blocking: false
